
Microsoft Visual Studio Solution File, Format Version 12.00
# Visual Studio Version 17
VisualStudioVersion = 17.0.31903.59
MinimumVisualStudioVersion = 10.0.40219.1
Project("{2150E333-8FDC-42A3-9474-1A3956D46DE8}") = "BlogSpace", "BlogSpace", "{2EE45333-AC7D-47EE-9DCD-F06CC7D329E2}"
EndProject
Project("{FAE04EC0-301F-11D3-BF4B-00C04F79EFBC}") = "BlogSpace.Server", "BlogSpace\Server\BlogSpace.Server.csproj", "{0EFAAB04-03F2-4549-BAE3-5802FA8CC73A}"
EndProject
Project("{FAE04EC0-301F-11D3-BF4B-00C04F79EFBC}") = "BlogSpace.Client", "BlogSpace\Client\BlogSpace.Client.csproj", "{D1A681F5-448B-4197-82D7-684319F2354D}"
EndProject
Project("{FAE04EC0-301F-11D3-BF4B-00C04F79EFBC}") = "BlogSpace.Shared", "BlogSpace\Shared\BlogSpace.Shared.csproj", "{257126CA-BBFB-44CC-9A13-743BC2CF819C}"
EndProject
Global
	GlobalSection(SolutionConfigurationPlatforms) = preSolution
		Debug|Any CPU = Debug|Any CPU
		Release|Any CPU = Release|Any CPU
	EndGlobalSection
	GlobalSection(SolutionProperties) = preSolution
		HideSolutionNode = FALSE
	EndGlobalSection
	GlobalSection(ProjectConfigurationPlatforms) = postSolution
		{0EFAAB04-03F2-4549-BAE3-5802FA8CC73A}.Debug|Any CPU.ActiveCfg = Debug|Any CPU
		{0EFAAB04-03F2-4549-BAE3-5802FA8CC73A}.Debug|Any CPU.Build.0 = Debug|Any CPU
		{0EFAAB04-03F2-4549-BAE3-5802FA8CC73A}.Release|Any CPU.ActiveCfg = Release|Any CPU
		{0EFAAB04-03F2-4549-BAE3-5802FA8CC73A}.Release|Any CPU.Build.0 = Release|Any CPU
		{D1A681F5-448B-4197-82D7-684319F2354D}.Debug|Any CPU.ActiveCfg = Debug|Any CPU
		{D1A681F5-448B-4197-82D7-684319F2354D}.Debug|Any CPU.Build.0 = Debug|Any CPU
		{D1A681F5-448B-4197-82D7-684319F2354D}.Release|Any CPU.ActiveCfg = Release|Any CPU
		{D1A681F5-448B-4197-82D7-684319F2354D}.Release|Any CPU.Build.0 = Release|Any CPU
		{257126CA-BBFB-44CC-9A13-743BC2CF819C}.Debug|Any CPU.ActiveCfg = Debug|Any CPU
		{257126CA-BBFB-44CC-9A13-743BC2CF819C}.Debug|Any CPU.Build.0 = Debug|Any CPU
		{257126CA-BBFB-44CC-9A13-743BC2CF819C}.Release|Any CPU.ActiveCfg = Release|Any CPU
		{257126CA-BBFB-44CC-9A13-743BC2CF819C}.Release|Any CPU.Build.0 = Release|Any CPU
	EndGlobalSection
	GlobalSection(NestedProjects) = preSolution
		{0EFAAB04-03F2-4549-BAE3-5802FA8CC73A} = {2EE45333-AC7D-47EE-9DCD-F06CC7D329E2}
		{D1A681F5-448B-4197-82D7-684319F2354D} = {2EE45333-AC7D-47EE-9DCD-F06CC7D329E2}
		{257126CA-BBFB-44CC-9A13-743BC2CF819C} = {2EE45333-AC7D-47EE-9DCD-F06CC7D329E2}
	EndGlobalSection
EndGlobal
